PODS:
  - Material (1.41.6)
  - OMGHTTPURLRQ (3.1.2):
    - OMGHTTPURLRQ/RQ (= 3.1.2)
  - OMGHTTPURLRQ/FormURLEncode (3.1.2)
  - OMGHTTPURLRQ/RQ (3.1.2):
    - OMGHTTPURLRQ/FormURLEncode
    - OMGHTTPURLRQ/UserAgent
  - OMGHTTPURLRQ/UserAgent (3.1.2)
  - PromiseKit (3.2.0):
    - PromiseKit/Foundation (= 3.2.0)
    - PromiseKit/QuartzCore (= 3.2.0)
    - PromiseKit/UIKit (= 3.2.0)
  - PromiseKit/CorePromise (3.2.0)
  - PromiseKit/Foundation (3.2.0):
    - OMGHTTPURLRQ (~> 3.1.0)
    - PromiseKit/CorePromise
  - PromiseKit/QuartzCore (3.2.0):
    - PromiseKit/CorePromise
  - PromiseKit/UIKit (3.2.0):
    - PromiseKit/CorePromise
  - Realm (1.0.0):
    - Realm/Headers (= 1.0.0)
  - Realm/Headers (1.0.0)
  - RealmSwift (1.0.0):
    - Realm (= 1.0.0)

DEPENDENCIES:
  - Material
  - PromiseKit (~> 3.2)
  - RealmSwift (~> 1.0)

SPEC CHECKSUMS:
  Material: fcbcee7543c79e9917a94b3510c0cc9eeefe156b
  OMGHTTPURLRQ: 38316b56d88125c600bcdb16df8329147da2b0ee
  PromiseKit: 1db024241265f428137a9f3c00ff9590740c4be6
  Realm: e15cd8e7c11d3e576f628ba0b7cb855269b4991c
  RealmSwift: 3229306d020d96f83b335f87a0dcbf2cef0e6a2b

PODFILE CHECKSUM: f848adfeee8f47b49e3affab17977b2506688475

COCOAPODS: 1.0.0
