// !$*UTF8*$!
{
	archiveVersion = 1;
	classes = {
	};
	objectVersion = 46;
	objects = {

/* Begin PBXBuildFile section */
		6AC308951CDB2A020082A60C /* AppDelegate.swift in Sources */ = {isa = PBXBuildFile; fileRef = 6AC308941CDB2A020082A60C /* AppDelegate.swift */; };
		6AC308971CDB2A020082A60C /* ViewController.swift in Sources */ = {isa = PBXBuildFile; fileRef = 6AC308961CDB2A020082A60C /* ViewController.swift */; };
		6AC3089A1CDB2A020082A60C /* Main.storyboard in Resources */ = {isa = PBXBuildFile; fileRef = 6AC308981CDB2A020082A60C /* Main.storyboard */; };
		6AC3089D1CDB2A020082A60C /* Cycle.xcdatamodeld in Sources */ = {isa = PBXBuildFile; fileRef = 6AC3089B1CDB2A020082A60C /* Cycle.xcdatamodeld */; };
		6AC3089F1CDB2A020082A60C /* Assets.xcassets in Resources */ = {isa = PBXBuildFile; fileRef = 6AC3089E1CDB2A020082A60C /* Assets.xcassets */; };
		6AC308A21CDB2A020082A60C /* LaunchScreen.storyboard in Resources */ = {isa = PBXBuildFile; fileRef = 6AC308A01CDB2A020082A60C /* LaunchScreen.storyboard */; };
		6AC308AD1CDB2A020082A60C /* CycleTests.swift in Sources */ = {isa = PBXBuildFile; fileRef = 6AC308AC1CDB2A020082A60C /* CycleTests.swift */; };
		6ADCDF5E1CE5A72800400434 /* ClockView.swift in Sources */ = {isa = PBXBuildFile; fileRef = 6ADCDF5D1CE5A72800400434 /* ClockView.swift */; };
/* End PBXBuildFile section */

/* Begin PBXContainerItemProxy section */
		6AC308A91CDB2A020082A60C /* PBXContainerItemProxy */ = {
			isa = PBXContainerItemProxy;
			containerPortal = 6AC308891CDB2A020082A60C /* Project object */;
			proxyType = 1;
			remoteGlobalIDString = 6AC308901CDB2A020082A60C;
			remoteInfo = Cycle;
		};
/* End PBXContainerItemProxy section */

/* Begin PBXFileReference section */
		6AC308911CDB2A020082A60C /* Cycle.app */ = {isa = PBXFileReference; explicitFileType = wrapper.application; includeInIndex = 0; path = Cycle.app; sourceTree = BUILT_PRODUCTS_DIR; };
		6AC308941CDB2A020082A60C /* AppDelegate.swift */ = {isa = PBXFileReference; lastKnownFileType = sourcecode.swift; path = AppDelegate.swift; sourceTree = "<group>"; };
		6AC308961CDB2A020082A60C /* ViewController.swift */ = {isa = PBXFileReference; lastKnownFileType = sourcecode.swift; path = ViewController.swift; sourceTree = "<group>"; };
		6AC308991CDB2A020082A60C /* Base */ = {isa = PBXFileReference; lastKnownFileType = file.storyboard; name = Base; path = Base.lproj/Main.storyboard; sourceTree = "<group>"; };
		6AC3089C1CDB2A020082A60C /* Cycle.xcdatamodel */ = {isa = PBXFileReference; lastKnownFileType = wrapper.xcdatamodel; path = Cycle.xcdatamodel; sourceTree = "<group>"; };
		6AC3089E1CDB2A020082A60C /* Assets.xcassets */ = {isa = PBXFileReference; lastKnownFileType = folder.assetcatalog; path = Assets.xcassets; sourceTree = "<group>"; };
		6AC308A11CDB2A020082A60C /* Base */ = {isa = PBXFileReference; lastKnownFileType = file.storyboard; name = Base; path = Base.lproj/LaunchScreen.storyboard; sourceTree = "<group>"; };
		6AC308A31CDB2A020082A60C /* Info.plist */ = {isa = PBXFileReference; lastKnownFileType = text.plist.xml; path = Info.plist; sourceTree = "<group>"; };
		6AC308A81CDB2A020082A60C /* CycleTests.xctest */ = {isa = PBXFileReference; explicitFileType = wrapper.cfbundle; includeInIndex = 0; path = CycleTests.xctest; sourceTree = BUILT_PRODUCTS_DIR; };
		6AC308AC1CDB2A020082A60C /* CycleTests.swift */ = {isa = PBXFileReference; lastKnownFileType = sourcecode.swift; path = CycleTests.swift; sourceTree = "<group>"; };
		6AC308AE1CDB2A020082A60C /* Info.plist */ = {isa = PBXFileReference; lastKnownFileType = text.plist.xml; path = Info.plist; sourceTree = "<group>"; };
		6ADCDF5D1CE5A72800400434 /* ClockView.swift */ = {isa = PBXFileReference; fileEncoding = 4; lastKnownFileType = sourcecode.swift; path = ClockView.swift; sourceTree = "<group>"; };
/* End PBXFileReference section */

/* Begin PBXFrameworksBuildPhase section */
		6AC3088E1CDB2A020082A60C /* Frameworks */ = {
			isa = PBXFrameworksBuildPhase;
			buildActionMask = 2147483647;
			files = (
			);
			runOnlyForDeploymentPostprocessing = 0;
		};
		6AC308A51CDB2A020082A60C /* Frameworks */ = {
			isa = PBXFrameworksBuildPhase;
			buildActionMask = 2147483647;
			files = (
			);
			runOnlyForDeploymentPostprocessing = 0;
		};
/* End PBXFrameworksBuildPhase section */

/* Begin PBXGroup section */
		6AC308881CDB2A020082A60C = {
			isa = PBXGroup;
			children = (
				6AC308931CDB2A020082A60C /* Cycle */,
				6AC308AB1CDB2A020082A60C /* CycleTests */,
				6AC308921CDB2A020082A60C /* Products */,
			);
			sourceTree = "<group>";
		};
		6AC308921CDB2A020082A60C /* Products */ = {
			isa = PBXGroup;
			children = (
				6AC308911CDB2A020082A60C /* Cycle.app */,
				6AC308A81CDB2A020082A60C /* CycleTests.xctest */,
			);
			name = Products;
			sourceTree = "<group>";
		};
		6AC308931CDB2A020082A60C /* Cycle */ = {
			isa = PBXGroup;
			children = (
				6ADCDF5D1CE5A72800400434 /* ClockView.swift */,
				6AC308941CDB2A020082A60C /* AppDelegate.swift */,
				6AC308961CDB2A020082A60C /* ViewController.swift */,
				6AC308981CDB2A020082A60C /* Main.storyboard */,
				6AC3089E1CDB2A020082A60C /* Assets.xcassets */,
				6AC308A01CDB2A020082A60C /* LaunchScreen.storyboard */,
				6AC308A31CDB2A020082A60C /* Info.plist */,
				6AC3089B1CDB2A020082A60C /* Cycle.xcdatamodeld */,
			);
			path = Cycle;
			sourceTree = "<group>";
		};
		6AC308AB1CDB2A020082A60C /* CycleTests */ = {
			isa = PBXGroup;
			children = (
				6AC308AC1CDB2A020082A60C /* CycleTests.swift */,
				6AC308AE1CDB2A020082A60C /* Info.plist */,
			);
			path = CycleTests;
			sourceTree = "<group>";
		};
/* End PBXGroup section */

/* Begin PBXNativeTarget section */
		6AC308901CDB2A020082A60C /* Cycle */ = {
			isa = PBXNativeTarget;
			buildConfigurationList = 6AC308B11CDB2A020082A60C /* Build configuration list for PBXNativeTarget "Cycle" */;
			buildPhases = (
				6AC3088D1CDB2A020082A60C /* Sources */,
				6AC3088E1CDB2A020082A60C /* Frameworks */,
				6AC3088F1CDB2A020082A60C /* Resources */,
			);
			buildRules = (
			);
			dependencies = (
			);
			name = Cycle;
			productName = Cycle;
			productReference = 6AC308911CDB2A020082A60C /* Cycle.app */;
			productType = "com.apple.product-type.application";
		};
		6AC308A71CDB2A020082A60C /* CycleTests */ = {
			isa = PBXNativeTarget;
			buildConfigurationList = 6AC308B41CDB2A020082A60C /* Build configuration list for PBXNativeTarget "CycleTests" */;
			buildPhases = (
				6AC308A41CDB2A020082A60C /* Sources */,
				6AC308A51CDB2A020082A60C /* Frameworks */,
				6AC308A61CDB2A020082A60C /* Resources */,
			);
			buildRules = (
			);
			dependencies = (
				6AC308AA1CDB2A020082A60C /* PBXTargetDependency */,
			);
			name = CycleTests;
			productName = CycleTests;
			productReference = 6AC308A81CDB2A020082A60C /* CycleTests.xctest */;
			productType = "com.apple.product-type.bundle.unit-test";
		};
/* End PBXNativeTarget section */

/* Begin PBXProject section */
		6AC308891CDB2A020082A60C /* Project object */ = {
			isa = PBXProject;
			attributes = {
				LastSwiftUpdateCheck = 0730;
				LastUpgradeCheck = 0730;
				ORGANIZATIONNAME = "Xu Jingxin";
				TargetAttributes = {
					6AC308901CDB2A020082A60C = {
						CreatedOnToolsVersion = 7.3;
						DevelopmentTeam = MLD2US34AN;
					};
					6AC308A71CDB2A020082A60C = {
						CreatedOnToolsVersion = 7.3;
						TestTargetID = 6AC308901CDB2A020082A60C;
					};
				};
			};
			buildConfigurationList = 6AC3088C1CDB2A020082A60C /* Build configuration list for PBXProject "Cycle" */;
			compatibilityVersion = "Xcode 3.2";
			developmentRegion = English;
			hasScannedForEncodings = 0;
			knownRegions = (
				en,
				Base,
			);
			mainGroup = 6AC308881CDB2A020082A60C;
			productRefGroup = 6AC308921CDB2A020082A60C /* Products */;
			projectDirPath = "";
			projectRoot = "";
			targets = (
				6AC308901CDB2A020082A60C /* Cycle */,
				6AC308A71CDB2A020082A60C /* CycleTests */,
			);
		};
/* End PBXProject section */

/* Begin PBXResourcesBuildPhase section */
		6AC3088F1CDB2A020082A60C /* Resources */ = {
			isa = PBXResourcesBuildPhase;
			buildActionMask = 2147483647;
			files = (
				6AC308A21CDB2A020082A60C /* LaunchScreen.storyboard in Resources */,
				6AC3089F1CDB2A020082A60C /* Assets.xcassets in Resources */,
				6AC3089A1CDB2A020082A60C /* Main.storyboard in Resources */,
			);
			runOnlyForDeploymentPostprocessing = 0;
		};
		6AC308A61CDB2A020082A60C /* Resources */ = {
			isa = PBXResourcesBuildPhase;
			buildActionMask = 2147483647;
			files = (
			);
			runOnlyForDeploymentPostprocessing = 0;
		};
/* End PBXResourcesBuildPhase section */

/* Begin PBXSourcesBuildPhase section */
		6AC3088D1CDB2A020082A60C /* Sources */ = {
			isa = PBXSourcesBuildPhase;
			buildActionMask = 2147483647;
			files = (
				6AC308971CDB2A020082A60C /* ViewController.swift in Sources */,
				6ADCDF5E1CE5A72800400434 /* ClockView.swift in Sources */,
				6AC3089D1CDB2A020082A60C /* Cycle.xcdatamodeld in Sources */,
				6AC308951CDB2A020082A60C /* AppDelegate.swift in Sources */,
			);
			runOnlyForDeploymentPostprocessing = 0;
		};
		6AC308A41CDB2A020082A60C /* Sources */ = {
			isa = PBXSourcesBuildPhase;
			buildActionMask = 2147483647;
			files = (
				6AC308AD1CDB2A020082A60C /* CycleTests.swift in Sources */,
			);
			runOnlyForDeploymentPostprocessing = 0;
		};
/* End PBXSourcesBuildPhase section */

/* Begin PBXTargetDependency section */
		6AC308AA1CDB2A020082A60C /* PBXTargetDependency */ = {
			isa = PBXTargetDependency;
			target = 6AC308901CDB2A020082A60C /* Cycle */;
			targetProxy = 6AC308A91CDB2A020082A60C /* PBXContainerItemProxy */;
		};
/* End PBXTargetDependency section */

/* Begin PBXVariantGroup section */
		6AC308981CDB2A020082A60C /* Main.storyboard */ = {
			isa = PBXVariantGroup;
			children = (
				6AC308991CDB2A020082A60C /* Base */,
			);
			name = Main.storyboard;
			sourceTree = "<group>";
		};
		6AC308A01CDB2A020082A60C /* LaunchScreen.storyboard */ = {
			isa = PBXVariantGroup;
			children = (
				6AC308A11CDB2A020082A60C /* Base */,
			);
			name = LaunchScreen.storyboard;
			sourceTree = "<group>";
		};
/* End PBXVariantGroup section */

/* Begin XCBuildConfiguration section */
		6AC308AF1CDB2A020082A60C /* Debug */ = {
			isa = XCBuildConfiguration;
			buildSettings = {
				ALWAYS_SEARCH_USER_PATHS = NO;
				CLANG_ANALYZER_NONNULL = YES;
				CLANG_CXX_LANGUAGE_STANDARD = "gnu++0x";
				CLANG_CXX_LIBRARY = "libc++";
				CLANG_ENABLE_MODULES = YES;
				CLANG_ENABLE_OBJC_ARC = YES;
				CLANG_WARN_BOOL_CONVERSION = YES;
				CLANG_WARN_CONSTANT_CONVERSION = YES;
				CLANG_WARN_DIRECT_OBJC_ISA_USAGE = YES_ERROR;
				CLANG_WARN_EMPTY_BODY = YES;
				CLANG_WARN_ENUM_CONVERSION = YES;
				CLANG_WARN_INT_CONVERSION = YES;
				CLANG_WARN_OBJC_ROOT_CLASS = YES_ERROR;
				CLANG_WARN_UNREACHABLE_CODE = YES;
				CLANG_WARN__DUPLICATE_METHOD_MATCH = YES;
				"CODE_SIGN_IDENTITY[sdk=iphoneos*]" = "iPhone Developer";
				COPY_PHASE_STRIP = NO;
				DEBUG_INFORMATION_FORMAT = dwarf;
				ENABLE_STRICT_OBJC_MSGSEND = YES;
				ENABLE_TESTABILITY = YES;
				GCC_C_LANGUAGE_STANDARD = gnu99;
				GCC_DYNAMIC_NO_PIC = NO;
				GCC_NO_COMMON_BLOCKS = YES;
				GCC_OPTIMIZATION_LEVEL = 0;
				GCC_PREPROCESSOR_DEFINITIONS = (
					"DEBUG=1",
					"$(inherited)",
				);
				GCC_WARN_64_TO_32_BIT_CONVERSION = YES;
				GCC_WARN_ABOUT_RETURN_TYPE = YES_ERROR;
				GCC_WARN_UNDECLARED_SELECTOR = YES;
				GCC_WARN_UNINITIALIZED_AUTOS = YES_AGGRESSIVE;
				GCC_WARN_UNUSED_FUNCTION = YES;
				GCC_WARN_UNUSED_VARIABLE = YES;
				IPHONEOS_DEPLOYMENT_TARGET = 9.3;
				MTL_ENABLE_DEBUG_INFO = YES;
				ONLY_ACTIVE_ARCH = YES;
				SDKROOT = iphoneos;
				SWIFT_OPTIMIZATION_LEVEL = "-Onone";
				TARGETED_DEVICE_FAMILY = "1,2";
			};
			name = Debug;
		};
		6AC308B01CDB2A020082A60C /* Release */ = {
			isa = XCBuildConfiguration;
			buildSettings = {
				ALWAYS_SEARCH_USER_PATHS = NO;
				CLANG_ANALYZER_NONNULL = YES;
				CLANG_CXX_LANGUAGE_STANDARD = "gnu++0x";
				CLANG_CXX_LIBRARY = "libc++";
				CLANG_ENABLE_MODULES = YES;
				CLANG_ENABLE_OBJC_ARC = YES;
				CLANG_WARN_BOOL_CONVERSION = YES;
				CLANG_WARN_CONSTANT_CONVERSION = YES;
				CLANG_WARN_DIRECT_OBJC_ISA_USAGE = YES_ERROR;
				CLANG_WARN_EMPTY_BODY = YES;
				CLANG_WARN_ENUM_CONVERSION = YES;
				CLANG_WARN_INT_CONVERSION = YES;
				CLANG_WARN_OBJC_ROOT_CLASS = YES_ERROR;
				CLANG_WARN_UNREACHABLE_CODE = YES;
				CLANG_WARN__DUPLICATE_METHOD_MATCH = YES;
				"CODE_SIGN_IDENTITY[sdk=iphoneos*]" = "iPhone Developer";
				COPY_PHASE_STRIP = NO;
				DEBUG_INFORMATION_FORMAT = "dwarf-with-dsym";
				ENABLE_NS_ASSERTIONS = NO;
				ENABLE_STRICT_OBJC_MSGSEND = YES;
				GCC_C_LANGUAGE_STANDARD = gnu99;
				GCC_NO_COMMON_BLOCKS = YES;
				GCC_WARN_64_TO_32_BIT_CONVERSION = YES;
				GCC_WARN_ABOUT_RETURN_TYPE = YES_ERROR;
				GCC_WARN_UNDECLARED_SELECTOR = YES;
				GCC_WARN_UNINITIALIZED_AUTOS = YES_AGGRESSIVE;
				GCC_WARN_UNUSED_FUNCTION = YES;
				GCC_WARN_UNUSED_VARIABLE = YES;
				IPHONEOS_DEPLOYMENT_TARGET = 9.3;
				MTL_ENABLE_DEBUG_INFO = NO;
				SDKROOT = iphoneos;
				TARGETED_DEVICE_FAMILY = "1,2";
				VALIDATE_PRODUCT = YES;
			};
			name = Release;
		};
		6AC308B21CDB2A020082A60C /* Debug */ = {
			isa = XCBuildConfiguration;
			buildSettings = {
				ASSETCATALOG_COMPILER_APPICON_NAME = AppIcon;
				CODE_SIGN_IDENTITY = "iPhone Developer";
				"CODE_SIGN_IDENTITY[sdk=iphoneos*]" = "iPhone Developer";
				INFOPLIST_FILE = Cycle/Info.plist;
				LD_RUNPATH_SEARCH_PATHS = "$(inherited) @executable_path/Frameworks";
				PRODUCT_BUNDLE_IDENTIFIER = com.sailxjx.Cycle;
				PRODUCT_NAME = "$(TARGET_NAME)";
				PROVISIONING_PROFILE = "";
			};
			name = Debug;
		};
		6AC308B31CDB2A020082A60C /* Release */ = {
			isa = XCBuildConfiguration;
			buildSettings = {
				ASSETCATALOG_COMPILER_APPICON_NAME = AppIcon;
				CODE_SIGN_IDENTITY = "iPhone Developer";
				"CODE_SIGN_IDENTITY[sdk=iphoneos*]" = "iPhone Developer";
				INFOPLIST_FILE = Cycle/Info.plist;
				LD_RUNPATH_SEARCH_PATHS = "$(inherited) @executable_path/Frameworks";
				PRODUCT_BUNDLE_IDENTIFIER = com.sailxjx.Cycle;
				PRODUCT_NAME = "$(TARGET_NAME)";
				PROVISIONING_PROFILE = "";
			};
			name = Release;
		};
		6AC308B51CDB2A020082A60C /* Debug */ = {
			isa = XCBuildConfiguration;
			buildSettings = {
				BUNDLE_LOADER = "$(TEST_HOST)";
				INFOPLIST_FILE = CycleTests/Info.plist;
				LD_RUNPATH_SEARCH_PATHS = "$(inherited) @executable_path/Frameworks @loader_path/Frameworks";
				PRODUCT_BUNDLE_IDENTIFIER = com.sailxjx.CycleTests;
				PRODUCT_NAME = "$(TARGET_NAME)";
				TEST_HOST = "$(BUILT_PRODUCTS_DIR)/Cycle.app/Cycle";
			};
			name = Debug;
		};
		6AC308B61CDB2A020082A60C /* Release */ = {
			isa = XCBuildConfiguration;
			buildSettings = {
				BUNDLE_LOADER = "$(TEST_HOST)";
				INFOPLIST_FILE = CycleTests/Info.plist;
				LD_RUNPATH_SEARCH_PATHS = "$(inherited) @executable_path/Frameworks @loader_path/Frameworks";
				PRODUCT_BUNDLE_IDENTIFIER = com.sailxjx.CycleTests;
				PRODUCT_NAME = "$(TARGET_NAME)";
				TEST_HOST = "$(BUILT_PRODUCTS_DIR)/Cycle.app/Cycle";
			};
			name = Release;
		};
/* End XCBuildConfiguration section */

/* Begin XCConfigurationList section */
		6AC3088C1CDB2A020082A60C /* Build configuration list for PBXProject "Cycle" */ = {
			isa = XCConfigurationList;
			buildConfigurations = (
				6AC308AF1CDB2A020082A60C /* Debug */,
				6AC308B01CDB2A020082A60C /* Release */,
			);
			defaultConfigurationIsVisible = 0;
			defaultConfigurationName = Release;
		};
		6AC308B11CDB2A020082A60C /* Build configuration list for PBXNativeTarget "Cycle" */ = {
			isa = XCConfigurationList;
			buildConfigurations = (
				6AC308B21CDB2A020082A60C /* Debug */,
				6AC308B31CDB2A020082A60C /* Release */,
			);
			defaultConfigurationIsVisible = 0;
			defaultConfigurationName = Release;
		};
		6AC308B41CDB2A020082A60C /* Build configuration list for PBXNativeTarget "CycleTests" */ = {
			isa = XCConfigurationList;
			buildConfigurations = (
				6AC308B51CDB2A020082A60C /* Debug */,
				6AC308B61CDB2A020082A60C /* Release */,
			);
			defaultConfigurationIsVisible = 0;
			defaultConfigurationName = Release;
		};
/* End XCConfigurationList section */

/* Begin XCVersionGroup section */
		6AC3089B1CDB2A020082A60C /* Cycle.xcdatamodeld */ = {
			isa = XCVersionGroup;
			children = (
				6AC3089C1CDB2A020082A60C /* Cycle.xcdatamodel */,
			);
			currentVersion = 6AC3089C1CDB2A020082A60C /* Cycle.xcdatamodel */;
			path = Cycle.xcdatamodeld;
			sourceTree = "<group>";
			versionGroupType = wrapper.xcdatamodel;
		};
/* End XCVersionGroup section */
	};
	rootObject = 6AC308891CDB2A020082A60C /* Project object */;
}
